
Microsoft Visual Studio Solution File, Format Version 12.00
# Visual Studio Version 17
VisualStudioVersion = 17.9.34622.214
MinimumVisualStudioVersion = 10.0.40219.1
Project("{9A19103F-16F7-4668-BE54-9A1E7A4F7556}") = "AirlineReservationWebApplication", "AirlineReservationWebApplication\AirlineReservationWebApplication.csproj", "{9903FC48-8F7B-4532-AA8B-845A3A44E52B}"
EndProject
Global
	GlobalSection(SolutionConfigurationPlatforms) = preSolution
		Debug|Any CPU = Debug|Any CPU
		Release|Any CPU = Release|Any CPU
	EndGlobalSection
	GlobalSection(ProjectConfigurationPlatforms) = postSolution
		{9903FC48-8F7B-4532-AA8B-845A3A44E52B}.Debug|Any CPU.ActiveCfg = Debug|Any CPU
		{9903FC48-8F7B-4532-AA8B-845A3A44E52B}.Debug|Any CPU.Build.0 = Debug|Any CPU
		{9903FC48-8F7B-4532-AA8B-845A3A44E52B}.Release|Any CPU.ActiveCfg = Release|Any CPU
		{9903FC48-8F7B-4532-AA8B-845A3A44E52B}.Release|Any CPU.Build.0 = Release|Any CPU
	EndGlobalSection
	GlobalSection(SolutionProperties) = preSolution
		HideSolutionNode = FALSE
	EndGlobalSection
	GlobalSection(ExtensibilityGlobals) = postSolution
		SolutionGuid = {D0E549F5-3B4C-4442-9A1D-0294607810F6}
	EndGlobalSection
EndGlobal
